
Microsoft Visual Studio Solution File, Format Version 12.00
# Visual Studio Version 17
VisualStudioVersion = 17.0.31611.283
MinimumVisualStudioVersion = 10.0.40219.1
Project("{9A19103F-16F7-4668-BE54-9A1E7A4F7556}") = "ChatClient", "ChatClient\ChatClient.csproj", "{05E12F06-A956-483D-A2BA-59BC6E13EAC8}"
EndProject
Project("{9A19103F-16F7-4668-BE54-9A1E7A4F7556}") = "ChatServer", "ChatServer\ChatServer.csproj", "{D3119790-E551-4FDB-B561-2AD484441CDC}"
EndProject
Project("{9A19103F-16F7-4668-BE54-9A1E7A4F7556}") = "Communications", "Communications\Communications.csproj", "{1AA60E59-3BB7-4926-8F50-3487A80595D8}"
EndProject
Project("{9A19103F-16F7-4668-BE54-9A1E7A4F7556}") = "FileLogger", "FileLogger\FileLogger.csproj", "{EEFFB472-B4C6-4F70-976D-8C6CE4F585FA}"
EndProject
Project("{2150E333-8FDC-42A3-9474-1A3956D46DE8}") = "Solution Items", "Solution Items", "{D4A64A4A-2A5D-4A81-A0F4-F68AF88F5CE9}"
	ProjectSection(SolutionItems) = preProject
		README.txt = README.txt
	EndProjectSection
EndProject
Global
	GlobalSection(SolutionConfigurationPlatforms) = preSolution
		Debug|Any CPU = Debug|Any CPU
		Release|Any CPU = Release|Any CPU
	EndGlobalSection
	GlobalSection(ProjectConfigurationPlatforms) = postSolution
		{05E12F06-A956-483D-A2BA-59BC6E13EAC8}.Debug|Any CPU.ActiveCfg = Debug|Any CPU
		{05E12F06-A956-483D-A2BA-59BC6E13EAC8}.Debug|Any CPU.Build.0 = Debug|Any CPU
		{05E12F06-A956-483D-A2BA-59BC6E13EAC8}.Debug|Any CPU.Deploy.0 = Debug|Any CPU
		{05E12F06-A956-483D-A2BA-59BC6E13EAC8}.Release|Any CPU.ActiveCfg = Release|Any CPU
		{05E12F06-A956-483D-A2BA-59BC6E13EAC8}.Release|Any CPU.Build.0 = Release|Any CPU
		{05E12F06-A956-483D-A2BA-59BC6E13EAC8}.Release|Any CPU.Deploy.0 = Release|Any CPU
		{D3119790-E551-4FDB-B561-2AD484441CDC}.Debug|Any CPU.ActiveCfg = Debug|Any CPU
		{D3119790-E551-4FDB-B561-2AD484441CDC}.Debug|Any CPU.Build.0 = Debug|Any CPU
		{D3119790-E551-4FDB-B561-2AD484441CDC}.Debug|Any CPU.Deploy.0 = Debug|Any CPU
		{D3119790-E551-4FDB-B561-2AD484441CDC}.Release|Any CPU.ActiveCfg = Release|Any CPU
		{D3119790-E551-4FDB-B561-2AD484441CDC}.Release|Any CPU.Build.0 = Release|Any CPU
		{D3119790-E551-4FDB-B561-2AD484441CDC}.Release|Any CPU.Deploy.0 = Release|Any CPU
		{1AA60E59-3BB7-4926-8F50-3487A80595D8}.Debug|Any CPU.ActiveCfg = Debug|Any CPU
		{1AA60E59-3BB7-4926-8F50-3487A80595D8}.Debug|Any CPU.Build.0 = Debug|Any CPU
		{1AA60E59-3BB7-4926-8F50-3487A80595D8}.Release|Any CPU.ActiveCfg = Release|Any CPU
		{1AA60E59-3BB7-4926-8F50-3487A80595D8}.Release|Any CPU.Build.0 = Release|Any CPU
		{EEFFB472-B4C6-4F70-976D-8C6CE4F585FA}.Debug|Any CPU.ActiveCfg = Debug|Any CPU
		{EEFFB472-B4C6-4F70-976D-8C6CE4F585FA}.Debug|Any CPU.Build.0 = Debug|Any CPU
		{EEFFB472-B4C6-4F70-976D-8C6CE4F585FA}.Release|Any CPU.ActiveCfg = Release|Any CPU
		{EEFFB472-B4C6-4F70-976D-8C6CE4F585FA}.Release|Any CPU.Build.0 = Release|Any CPU
	EndGlobalSection
	GlobalSection(SolutionProperties) = preSolution
		HideSolutionNode = FALSE
	EndGlobalSection
	GlobalSection(ExtensibilityGlobals) = postSolution
		SolutionGuid = {61F7FB11-1E47-470C-91E2-47F8143E1572}
	EndGlobalSection
EndGlobal
